// !$*UTF8*$!
{
	archiveVersion = 1;
	classes = {
	};
	objectVersion = 77;
	objects = {

/* Begin PBXBuildFile section */
		EF5BE9ED2F0FD4F6004F1AB7 /* alium_sdk in Frameworks */ = {isa = PBXBuildFile; productRef = EF5BE9EC2F0FD4F6004F1AB7 /* alium_sdk */; };
		EF5BE9EF2F0FD610004F1AB7 /* alium_sdk in Frameworks */ = {isa = PBXBuildFile; productRef = EF5BE9EE2F0FD610004F1AB7 /* alium_sdk */; };
		EF5BE9F22F0FD62B004F1AB7 /* alium_sdk in Frameworks */ = {isa = PBXBuildFile; productRef = EF5BE9F12F0FD62B004F1AB7 /* alium_sdk */; };
		EF5BE9F52F0FD695004F1AB7 /* alium_sdk in Frameworks */ = {isa = PBXBuildFile; productRef = EF5BE9F42F0FD695004F1AB7 /* alium_sdk */; };
		EF5BE9F82F0FD6BD004F1AB7 /* alium_sdk in Frameworks */ = {isa = PBXBuildFile; productRef = EF5BE9F72F0FD6BD004F1AB7 /* alium_sdk */; };
		EF5BE9FB2F0FD7D1004F1AB7 /* alium_sdk in Frameworks */ = {isa = PBXBuildFile; productRef = EF5BE9FA2F0FD7D1004F1AB7 /* alium_sdk */; };
		EF5BEA462F0FDB08004F1AB7 /* alium_sdk in Frameworks */ = {isa = PBXBuildFile; productRef = EF5BEA452F0FDB08004F1AB7 /* alium_sdk */; };
		EF5BEA492F0FDB74004F1AB7 /* alium_sdk in Frameworks */ = {isa = PBXBuildFile; productRef = EF5BEA482F0FDB74004F1AB7 /* alium_sdk */; };
		EF5BEA642F0FDC38004F1AB7 /* alium_sdk in Frameworks */ = {isa = PBXBuildFile; productRef = EF5BEA632F0FDC38004F1AB7 /* alium_sdk */; };
		EF5BEA7F2F0FDD20004F1AB7 /* alium_sdk in Frameworks */ = {isa = PBXBuildFile; productRef = EF5BEA7E2F0FDD20004F1AB7 /* alium_sdk */; };
		EF5BEA9B2F0FDF1B004F1AB7 /* alium_sdk in Frameworks */ = {isa = PBXBuildFile; productRef = EF5BEA9A2F0FDF1B004F1AB7 /* alium_sdk */; };
		EF5BEAB62F0FDF7A004F1AB7 /* alium_sdk in Frameworks */ = {isa = PBXBuildFile; productRef = EF5BEAB52F0FDF7A004F1AB7 /* alium_sdk */; };
/* End PBXBuildFile section */

/* Begin PBXContainerItemProxy section */
		EF6324562EE6A31800130691 /* PBXContainerItemProxy */ = {
			isa = PBXContainerItemProxy;
			containerPortal = EF6324372EE6A31200130691 /* Project object */;
			proxyType = 1;
			remoteGlobalIDString = EF63243E2EE6A31200130691;
			remoteInfo = AliumUIKitExample;
		};
		EF6324602EE6A31800130691 /* PBXContainerItemProxy */ = {
			isa = PBXContainerItemProxy;
			containerPortal = EF6324372EE6A31200130691 /* Project object */;
			proxyType = 1;
			remoteGlobalIDString = EF63243E2EE6A31200130691;
			remoteInfo = AliumUIKitExample;
		};
/* End PBXContainerItemProxy section */

/* Begin PBXFileReference section */
		EF63243F2EE6A31200130691 /* AliumUIKitExample.app */ = {isa = PBXFileReference; explicitFileType = wrapper.application; includeInIndex = 0; path = AliumUIKitExample.app; sourceTree = BUILT_PRODUCTS_DIR; };
		EF6324552EE6A31800130691 /* AliumUIKitExampleTests.xctest */ = {isa = PBXFileReference; explicitFileType = wrapper.cfbundle; includeInIndex = 0; path = AliumUIKitExampleTests.xctest; sourceTree = BUILT_PRODUCTS_DIR; };
		EF63245F2EE6A31800130691 /* AliumUIKitExampleUITests.xctest */ = {isa = PBXFileReference; explicitFileType = wrapper.cfbundle; includeInIndex = 0; path = AliumUIKitExampleUITests.xctest; sourceTree = BUILT_PRODUCTS_DIR; };
/* End PBXFileReference section */

/* Begin PBXFileSystemSynchronizedBuildFileExceptionSet section */
		EF6324672EE6A31800130691 /* Exceptions for "AliumUIKitExample" folder in "AliumUIKitExample" target */ = {
			isa = PBXFileSystemSynchronizedBuildFileExceptionSet;
			membershipExceptions = (
				Info.plist,
			);
			target = EF63243E2EE6A31200130691 /* AliumUIKitExample */;
		};
/* End PBXFileSystemSynchronizedBuildFileExceptionSet section */

/* Begin PBXFileSystemSynchronizedRootGroup section */
		EF6324412EE6A31200130691 /* AliumUIKitExample */ = {
			isa = PBXFileSystemSynchronizedRootGroup;
			exceptions = (
				EF6324672EE6A31800130691 /* Exceptions for "AliumUIKitExample" folder in "AliumUIKitExample" target */,
			);
			path = AliumUIKitExample;
			sourceTree = "<group>";
		};
		EF6324582EE6A31800130691 /* AliumUIKitExampleTests */ = {
			isa = PBXFileSystemSynchronizedRootGroup;
			path = AliumUIKitExampleTests;
			sourceTree = "<group>";
		};
		EF6324622EE6A31800130691 /* AliumUIKitExampleUITests */ = {
			isa = PBXFileSystemSynchronizedRootGroup;
			path = AliumUIKitExampleUITests;
			sourceTree = "<group>";
		};
/* End PBXFileSystemSynchronizedRootGroup section */

/* Begin PBXFrameworksBuildPhase section */
		EF63243C2EE6A31200130691 /* Frameworks */ = {
			isa = PBXFrameworksBuildPhase;
			buildActionMask = 2147483647;
			files = (
				EF5BE9EF2F0FD610004F1AB7 /* alium_sdk in Frameworks */,
				EF5BE9ED2F0FD4F6004F1AB7 /* alium_sdk in Frameworks */,
				EF5BEAB62F0FDF7A004F1AB7 /* alium_sdk in Frameworks */,
				EF5BEA642F0FDC38004F1AB7 /* alium_sdk in Frameworks */,
				EF5BEA492F0FDB74004F1AB7 /* alium_sdk in Frameworks */,
				EF5BE9FB2F0FD7D1004F1AB7 /* alium_sdk in Frameworks */,
				EF5BE9F52F0FD695004F1AB7 /* alium_sdk in Frameworks */,
				EF5BEA9B2F0FDF1B004F1AB7 /* alium_sdk in Frameworks */,
				EF5BEA462F0FDB08004F1AB7 /* alium_sdk in Frameworks */,
				EF5BE9F82F0FD6BD004F1AB7 /* alium_sdk in Frameworks */,
				EF5BEA7F2F0FDD20004F1AB7 /* alium_sdk in Frameworks */,
				EF5BE9F22F0FD62B004F1AB7 /* alium_sdk in Frameworks */,
			);
			runOnlyForDeploymentPostprocessing = 0;
		};
		EF6324522EE6A31800130691 /* Frameworks */ = {
			isa = PBXFrameworksBuildPhase;
			buildActionMask = 2147483647;
			files = (
			);
			runOnlyForDeploymentPostprocessing = 0;
		};
		EF63245C2EE6A31800130691 /* Frameworks */ = {
			isa = PBXFrameworksBuildPhase;
			buildActionMask = 2147483647;
			files = (
			);
			runOnlyForDeploymentPostprocessing = 0;
		};
/* End PBXFrameworksBuildPhase section */

/* Begin PBXGroup section */
		EF5BE9EA2F0FD3F2004F1AB7 /* Frameworks */ = {
			isa = PBXGroup;
			children = (
			);
			name = Frameworks;
			sourceTree = "<group>";
		};
		EF6324362EE6A31200130691 = {
			isa = PBXGroup;
			children = (
				EF6324412EE6A31200130691 /* AliumUIKitExample */,
				EF6324582EE6A31800130691 /* AliumUIKitExampleTests */,
				EF6324622EE6A31800130691 /* AliumUIKitExampleUITests */,
				EF6324402EE6A31200130691 /* Products */,
				EF5BE9EA2F0FD3F2004F1AB7 /* Frameworks */,
			);
			sourceTree = "<group>";
		};
		EF6324402EE6A31200130691 /* Products */ = {
			isa = PBXGroup;
			children = (
				EF63243F2EE6A31200130691 /* AliumUIKitExample.app */,
				EF6324552EE6A31800130691 /* AliumUIKitExampleTests.xctest */,
				EF63245F2EE6A31800130691 /* AliumUIKitExampleUITests.xctest */,
			);
			name = Products;
			sourceTree = "<group>";
		};
/* End PBXGroup section */

/* Begin PBXNativeTarget section */
		EF63243E2EE6A31200130691 /* AliumUIKitExample */ = {
			isa = PBXNativeTarget;
			buildConfigurationList = EF6324682EE6A31800130691 /* Build configuration list for PBXNativeTarget "AliumUIKitExample" */;
			buildPhases = (
				EF63243B2EE6A31200130691 /* Sources */,
				EF63243C2EE6A31200130691 /* Frameworks */,
				EF63243D2EE6A31200130691 /* Resources */,
			);
			buildRules = (
			);
			dependencies = (
			);
			fileSystemSynchronizedGroups = (
				EF6324412EE6A31200130691 /* AliumUIKitExample */,
			);
			name = AliumUIKitExample;
			productName = AliumUIKitExample;
			productReference = EF63243F2EE6A31200130691 /* AliumUIKitExample.app */;
			productType = "com.apple.product-type.application";
		};
		EF6324542EE6A31800130691 /* AliumUIKitExampleTests */ = {
			isa = PBXNativeTarget;
			buildConfigurationList = EF63246D2EE6A31800130691 /* Build configuration list for PBXNativeTarget "AliumUIKitExampleTests" */;
			buildPhases = (
				EF6324512EE6A31800130691 /* Sources */,
				EF6324522EE6A31800130691 /* Frameworks */,
				EF6324532EE6A31800130691 /* Resources */,
			);
			buildRules = (
			);
			dependencies = (
				EF6324572EE6A31800130691 /* PBXTargetDependency */,
			);
			fileSystemSynchronizedGroups = (
				EF6324582EE6A31800130691 /* AliumUIKitExampleTests */,
			);
			name = AliumUIKitExampleTests;
			productName = AliumUIKitExampleTests;
			productReference = EF6324552EE6A31800130691 /* AliumUIKitExampleTests.xctest */;
			productType = "com.apple.product-type.bundle.unit-test";
		};
		EF63245E2EE6A31800130691 /* AliumUIKitExampleUITests */ = {
			isa = PBXNativeTarget;
			buildConfigurationList = EF6324702EE6A31800130691 /* Build configuration list for PBXNativeTarget "AliumUIKitExampleUITests" */;
			buildPhases = (
				EF63245B2EE6A31800130691 /* Sources */,
				EF63245C2EE6A31800130691 /* Frameworks */,
				EF63245D2EE6A31800130691 /* Resources */,
			);
			buildRules = (
			);
			dependencies = (
				EF6324612EE6A31800130691 /* PBXTargetDependency */,
			);
			fileSystemSynchronizedGroups = (
				EF6324622EE6A31800130691 /* AliumUIKitExampleUITests */,
			);
			name = AliumUIKitExampleUITests;
			productName = AliumUIKitExampleUITests;
			productReference = EF63245F2EE6A31800130691 /* AliumUIKitExampleUITests.xctest */;
			productType = "com.apple.product-type.bundle.ui-testing";
		};
/* End PBXNativeTarget section */

/* Begin PBXProject section */
		EF6324372EE6A31200130691 /* Project object */ = {
			isa = PBXProject;
			attributes = {
				BuildIndependentTargetsInParallel = 1;
				LastSwiftUpdateCheck = 1640;
				LastUpgradeCheck = 1640;
				TargetAttributes = {
					EF63243E2EE6A31200130691 = {
						CreatedOnToolsVersion = 16.4;
					};
					EF6324542EE6A31800130691 = {
						CreatedOnToolsVersion = 16.4;
						TestTargetID = EF63243E2EE6A31200130691;
					};
					EF63245E2EE6A31800130691 = {
						CreatedOnToolsVersion = 16.4;
						TestTargetID = EF63243E2EE6A31200130691;
					};
				};
			};
			buildConfigurationList = EF63243A2EE6A31200130691 /* Build configuration list for PBXProject "AliumUIKitExample" */;
			developmentRegion = en;
			hasScannedForEncodings = 0;
			knownRegions = (
				en,
				Base,
			);
			mainGroup = EF6324362EE6A31200130691;
			minimizedProjectReferenceProxies = 1;
			packageReferences = (
				EF5BEAB42F0FDF7A004F1AB7 /* XCLocalSwiftPackageReference "../../alium-sdk-ios" */,
			);
			preferredProjectObjectVersion = 77;
			productRefGroup = EF6324402EE6A31200130691 /* Products */;
			projectDirPath = "";
			projectRoot = "";
			targets = (
				EF63243E2EE6A31200130691 /* AliumUIKitExample */,
				EF6324542EE6A31800130691 /* AliumUIKitExampleTests */,
				EF63245E2EE6A31800130691 /* AliumUIKitExampleUITests */,
			);
		};
/* End PBXProject section */

/* Begin PBXResourcesBuildPhase section */
		EF63243D2EE6A31200130691 /* Resources */ = {
			isa = PBXResourcesBuildPhase;
			buildActionMask = 2147483647;
			files = (
			);
			runOnlyForDeploymentPostprocessing = 0;
		};
		EF6324532EE6A31800130691 /* Resources */ = {
			isa = PBXResourcesBuildPhase;
			buildActionMask = 2147483647;
			files = (
			);
			runOnlyForDeploymentPostprocessing = 0;
		};
		EF63245D2EE6A31800130691 /* Resources */ = {
			isa = PBXResourcesBuildPhase;
			buildActionMask = 2147483647;
			files = (
			);
			runOnlyForDeploymentPostprocessing = 0;
		};
/* End PBXResourcesBuildPhase section */

/* Begin PBXSourcesBuildPhase section */
		EF63243B2EE6A31200130691 /* Sources */ = {
			isa = PBXSourcesBuildPhase;
			buildActionMask = 2147483647;
			files = (
			);
			runOnlyForDeploymentPostprocessing = 0;
		};
		EF6324512EE6A31800130691 /* Sources */ = {
			isa = PBXSourcesBuildPhase;
			buildActionMask = 2147483647;
			files = (
			);
			runOnlyForDeploymentPostprocessing = 0;
		};
		EF63245B2EE6A31800130691 /* Sources */ = {
			isa = PBXSourcesBuildPhase;
			buildActionMask = 2147483647;
			files = (
			);
			runOnlyForDeploymentPostprocessing = 0;
		};
/* End PBXSourcesBuildPhase section */

/* Begin PBXTargetDependency section */
		EF6324572EE6A31800130691 /* PBXTargetDependency */ = {
			isa = PBXTargetDependency;
			target = EF63243E2EE6A31200130691 /* AliumUIKitExample */;
			targetProxy = EF6324562EE6A31800130691 /* PBXContainerItemProxy */;
		};
		EF6324612EE6A31800130691 /* PBXTargetDependency */ = {
			isa = PBXTargetDependency;
			target = EF63243E2EE6A31200130691 /* AliumUIKitExample */;
			targetProxy = EF6324602EE6A31800130691 /* PBXContainerItemProxy */;
		};
/* End PBXTargetDependency section */

/* Begin XCBuildConfiguration section */
		EF6324692EE6A31800130691 /* Debug */ = {
			isa = XCBuildConfiguration;
			buildSettings = {
				ASSETCATALOG_COMPILER_APPICON_NAME = AppIcon;
				ASSETCATALOG_COMPILER_GLOBAL_ACCENT_COLOR_NAME = AccentColor;
				CODE_SIGN_STYLE = Automatic;
				CURRENT_PROJECT_VERSION = 1;
				DEVELOPMENT_TEAM = 8A2SSQZ8R4;
				ENABLE_USER_SCRIPT_SANDBOXING = NO;
				GENERATE_INFOPLIST_FILE = YES;
				INFOPLIST_FILE = AliumUIKitExample/Info.plist;
				INFOPLIST_KEY_UIApplicationSupportsIndirectInputEvents = YES;
				INFOPLIST_KEY_UILaunchStoryboardName = LaunchScreen;
				INFOPLIST_KEY_UIMainStoryboardFile = Main;
				INFOPLIST_KEY_UISupportedInterfaceOrientations_iPad = "UIInterfaceOrientationPortrait UIInterfaceOrientationPortraitUpsideDown UIInterfaceOrientationLandscapeLeft UIInterfaceOrientationLandscapeRight";
				INFOPLIST_KEY_UISupportedInterfaceOrientations_iPhone = "UIInterfaceOrientationPortrait UIInterfaceOrientationLandscapeLeft UIInterfaceOrientationLandscapeRight";
				IPHONEOS_DEPLOYMENT_TARGET = 15.6;
				LD_RUNPATH_SEARCH_PATHS = (
					"$(inherited)",
					"@executable_path/Frameworks",
				);
				MARKETING_VERSION = 1.0;
				PRODUCT_BUNDLE_IDENTIFIER = com.dwao.AliumUIKitExample;
				PRODUCT_NAME = "$(TARGET_NAME)";
				SWIFT_EMIT_LOC_STRINGS = YES;
				SWIFT_VERSION = 5.0;
				TARGETED_DEVICE_FAMILY = "1,2";
			};
			name = Debug;
		};
		EF63246A2EE6A31800130691 /* Release */ = {
			isa = XCBuildConfiguration;
			buildSettings = {
				ASSETCATALOG_COMPILER_APPICON_NAME = AppIcon;
				ASSETCATALOG_COMPILER_GLOBAL_ACCENT_COLOR_NAME = AccentColor;
				CODE_SIGN_STYLE = Automatic;
				CURRENT_PROJECT_VERSION = 1;
				DEVELOPMENT_TEAM = 8A2SSQZ8R4;
				ENABLE_USER_SCRIPT_SANDBOXING = NO;
				GENERATE_INFOPLIST_FILE = YES;
				INFOPLIST_FILE = AliumUIKitExample/Info.plist;
				INFOPLIST_KEY_UIApplicationSupportsIndirectInputEvents = YES;
				INFOPLIST_KEY_UILaunchStoryboardName = LaunchScreen;
				INFOPLIST_KEY_UIMainStoryboardFile = Main;
				INFOPLIST_KEY_UISupportedInterfaceOrientations_iPad = "UIInterfaceOrientationPortrait UIInterfaceOrientationPortraitUpsideDown UIInterfaceOrientationLandscapeLeft UIInterfaceOrientationLandscapeRight";
				INFOPLIST_KEY_UISupportedInterfaceOrientations_iPhone = "UIInterfaceOrientationPortrait UIInterfaceOrientationLandscapeLeft UIInterfaceOrientationLandscapeRight";
				IPHONEOS_DEPLOYMENT_TARGET = 15.6;
				LD_RUNPATH_SEARCH_PATHS = (
					"$(inherited)",
					"@executable_path/Frameworks",
				);
				MARKETING_VERSION = 1.0;
				PRODUCT_BUNDLE_IDENTIFIER = com.dwao.AliumUIKitExample;
				PRODUCT_NAME = "$(TARGET_NAME)";
				SWIFT_EMIT_LOC_STRINGS = YES;
				SWIFT_VERSION = 5.0;
				TARGETED_DEVICE_FAMILY = "1,2";
			};
			name = Release;
		};
		EF63246B2EE6A31800130691 /* Debug */ = {
			isa = XCBuildConfiguration;
			buildSettings = {
				ALWAYS_SEARCH_USER_PATHS = NO;
				ASSETCATALOG_COMPILER_GENERATE_SWIFT_ASSET_SYMBOL_EXTENSIONS = YES;
				CLANG_ANALYZER_NONNULL = YES;
				CLANG_ANALYZER_NUMBER_OBJECT_CONVERSION = YES_AGGRESSIVE;
				CLANG_CXX_LANGUAGE_STANDARD = "gnu++20";
				CLANG_ENABLE_MODULES = YES;
				CLANG_ENABLE_OBJC_ARC = YES;
				CLANG_ENABLE_OBJC_WEAK = YES;
				CLANG_WARN_BLOCK_CAPTURE_AUTORELEASING = YES;
				CLANG_WARN_BOOL_CONVERSION = YES;
				CLANG_WARN_COMMA = YES;
				CLANG_WARN_CONSTANT_CONVERSION = YES;
				CLANG_WARN_DEPRECATED_OBJC_IMPLEMENTATIONS = YES;
				CLANG_WARN_DIRECT_OBJC_ISA_USAGE = YES_ERROR;
				CLANG_WARN_DOCUMENTATION_COMMENTS = YES;
				CLANG_WARN_EMPTY_BODY = YES;
				CLANG_WARN_ENUM_CONVERSION = YES;
				CLANG_WARN_INFINITE_RECURSION = YES;
				CLANG_WARN_INT_CONVERSION = YES;
				CLANG_WARN_NON_LITERAL_NULL_CONVERSION = YES;
				CLANG_WARN_OBJC_IMPLICIT_RETAIN_SELF = YES;
				CLANG_WARN_OBJC_LITERAL_CONVERSION = YES;
				CLANG_WARN_OBJC_ROOT_CLASS = YES_ERROR;
				CLANG_WARN_QUOTED_INCLUDE_IN_FRAMEWORK_HEADER = YES;
				CLANG_WARN_RANGE_LOOP_ANALYSIS = YES;
				CLANG_WARN_STRICT_PROTOTYPES = YES;
				CLANG_WARN_SUSPICIOUS_MOVE = YES;
				CLANG_WARN_UNGUARDED_AVAILABILITY = YES_AGGRESSIVE;
				CLANG_WARN_UNREACHABLE_CODE = YES;
				CLANG_WARN__DUPLICATE_METHOD_MATCH = YES;
				COPY_PHASE_STRIP = NO;
				DEBUG_INFORMATION_FORMAT = dwarf;
				DEVELOPMENT_TEAM = 8A2SSQZ8R4;
				ENABLE_STRICT_OBJC_MSGSEND = YES;
				ENABLE_TESTABILITY = YES;
				ENABLE_USER_SCRIPT_SANDBOXING = YES;
				GCC_C_LANGUAGE_STANDARD = gnu17;
				GCC_DYNAMIC_NO_PIC = NO;
				GCC_NO_COMMON_BLOCKS = YES;
				GCC_OPTIMIZATION_LEVEL = 0;
				GCC_PREPROCESSOR_DEFINITIONS = (
					"DEBUG=1",
					"$(inherited)",
				);
				GCC_WARN_64_TO_32_BIT_CONVERSION = YES;
				GCC_WARN_ABOUT_RETURN_TYPE = YES_ERROR;
				GCC_WARN_UNDECLARED_SELECTOR = YES;
				GCC_WARN_UNINITIALIZED_AUTOS = YES_AGGRESSIVE;
				GCC_WARN_UNUSED_FUNCTION = YES;
				GCC_WARN_UNUSED_VARIABLE = YES;
				IPHONEOS_DEPLOYMENT_TARGET = 18.5;
				LOCALIZATION_PREFERS_STRING_CATALOGS = YES;
				MTL_ENABLE_DEBUG_INFO = INCLUDE_SOURCE;
				MTL_FAST_MATH = YES;
				ONLY_ACTIVE_ARCH = YES;
				SDKROOT = iphoneos;
				SWIFT_ACTIVE_COMPILATION_CONDITIONS = "DEBUG $(inherited)";
				SWIFT_OPTIMIZATION_LEVEL = "-Onone";
			};
			name = Debug;
		};
		EF63246C2EE6A31800130691 /* Release */ = {
			isa = XCBuildConfiguration;
			buildSettings = {
				ALWAYS_SEARCH_USER_PATHS = NO;
				ASSETCATALOG_COMPILER_GENERATE_SWIFT_ASSET_SYMBOL_EXTENSIONS = YES;
				CLANG_ANALYZER_NONNULL = YES;
				CLANG_ANALYZER_NUMBER_OBJECT_CONVERSION = YES_AGGRESSIVE;
				CLANG_CXX_LANGUAGE_STANDARD = "gnu++20";
				CLANG_ENABLE_MODULES = YES;
				CLANG_ENABLE_OBJC_ARC = YES;
				CLANG_ENABLE_OBJC_WEAK = YES;
				CLANG_WARN_BLOCK_CAPTURE_AUTORELEASING = YES;
				CLANG_WARN_BOOL_CONVERSION = YES;
				CLANG_WARN_COMMA = YES;
				CLANG_WARN_CONSTANT_CONVERSION = YES;
				CLANG_WARN_DEPRECATED_OBJC_IMPLEMENTATIONS = YES;
				CLANG_WARN_DIRECT_OBJC_ISA_USAGE = YES_ERROR;
				CLANG_WARN_DOCUMENTATION_COMMENTS = YES;
				CLANG_WARN_EMPTY_BODY = YES;
				CLANG_WARN_ENUM_CONVERSION = YES;
				CLANG_WARN_INFINITE_RECURSION = YES;
				CLANG_WARN_INT_CONVERSION = YES;
				CLANG_WARN_NON_LITERAL_NULL_CONVERSION = YES;
				CLANG_WARN_OBJC_IMPLICIT_RETAIN_SELF = YES;
				CLANG_WARN_OBJC_LITERAL_CONVERSION = YES;
				CLANG_WARN_OBJC_ROOT_CLASS = YES_ERROR;
				CLANG_WARN_QUOTED_INCLUDE_IN_FRAMEWORK_HEADER = YES;
				CLANG_WARN_RANGE_LOOP_ANALYSIS = YES;
				CLANG_WARN_STRICT_PROTOTYPES = YES;
				CLANG_WARN_SUSPICIOUS_MOVE = YES;
				CLANG_WARN_UNGUARDED_AVAILABILITY = YES_AGGRESSIVE;
				CLANG_WARN_UNREACHABLE_CODE = YES;
				CLANG_WARN__DUPLICATE_METHOD_MATCH = YES;
				COPY_PHASE_STRIP = NO;
				DEBUG_INFORMATION_FORMAT = "dwarf-with-dsym";
				DEVELOPMENT_TEAM = 8A2SSQZ8R4;
				ENABLE_NS_ASSERTIONS = NO;
				ENABLE_STRICT_OBJC_MSGSEND = YES;
				ENABLE_USER_SCRIPT_SANDBOXING = YES;
				GCC_C_LANGUAGE_STANDARD = gnu17;
				GCC_NO_COMMON_BLOCKS = YES;
				GCC_WARN_64_TO_32_BIT_CONVERSION = YES;
				GCC_WARN_ABOUT_RETURN_TYPE = YES_ERROR;
				GCC_WARN_UNDECLARED_SELECTOR = YES;
				GCC_WARN_UNINITIALIZED_AUTOS = YES_AGGRESSIVE;
				GCC_WARN_UNUSED_FUNCTION = YES;
				GCC_WARN_UNUSED_VARIABLE = YES;
				IPHONEOS_DEPLOYMENT_TARGET = 18.5;
				LOCALIZATION_PREFERS_STRING_CATALOGS = YES;
				MTL_ENABLE_DEBUG_INFO = NO;
				MTL_FAST_MATH = YES;
				SDKROOT = iphoneos;
				SWIFT_COMPILATION_MODE = wholemodule;
				VALIDATE_PRODUCT = YES;
			};
			name = Release;
		};
		EF63246E2EE6A31800130691 /* Debug */ = {
			isa = XCBuildConfiguration;
			buildSettings = {
				BUNDLE_LOADER = "$(TEST_HOST)";
				CODE_SIGN_STYLE = Automatic;
				CURRENT_PROJECT_VERSION = 1;
				DEVELOPMENT_TEAM = 8A2SSQZ8R4;
				GENERATE_INFOPLIST_FILE = YES;
				IPHONEOS_DEPLOYMENT_TARGET = 18.5;
				MARKETING_VERSION = 1.0;
				PRODUCT_BUNDLE_IDENTIFIER = com.dwao.AliumUIKitExampleTests;
				PRODUCT_NAME = "$(TARGET_NAME)";
				SWIFT_EMIT_LOC_STRINGS = NO;
				SWIFT_VERSION = 5.0;
				TARGETED_DEVICE_FAMILY = "1,2";
				TEST_HOST = "$(BUILT_PRODUCTS_DIR)/AliumUIKitExample.app/$(BUNDLE_EXECUTABLE_FOLDER_PATH)/AliumUIKitExample";
			};
			name = Debug;
		};
		EF63246F2EE6A31800130691 /* Release */ = {
			isa = XCBuildConfiguration;
			buildSettings = {
				BUNDLE_LOADER = "$(TEST_HOST)";
				CODE_SIGN_STYLE = Automatic;
				CURRENT_PROJECT_VERSION = 1;
				DEVELOPMENT_TEAM = 8A2SSQZ8R4;
				GENERATE_INFOPLIST_FILE = YES;
				IPHONEOS_DEPLOYMENT_TARGET = 18.5;
				MARKETING_VERSION = 1.0;
				PRODUCT_BUNDLE_IDENTIFIER = com.dwao.AliumUIKitExampleTests;
				PRODUCT_NAME = "$(TARGET_NAME)";
				SWIFT_EMIT_LOC_STRINGS = NO;
				SWIFT_VERSION = 5.0;
				TARGETED_DEVICE_FAMILY = "1,2";
				TEST_HOST = "$(BUILT_PRODUCTS_DIR)/AliumUIKitExample.app/$(BUNDLE_EXECUTABLE_FOLDER_PATH)/AliumUIKitExample";
			};
			name = Release;
		};
		EF6324712EE6A31800130691 /* Debug */ = {
			isa = XCBuildConfiguration;
			buildSettings = {
				CODE_SIGN_STYLE = Automatic;
				CURRENT_PROJECT_VERSION = 1;
				DEVELOPMENT_TEAM = 8A2SSQZ8R4;
				GENERATE_INFOPLIST_FILE = YES;
				MARKETING_VERSION = 1.0;
				PRODUCT_BUNDLE_IDENTIFIER = com.dwao.AliumUIKitExampleUITests;
				PRODUCT_NAME = "$(TARGET_NAME)";
				SWIFT_EMIT_LOC_STRINGS = NO;
				SWIFT_VERSION = 5.0;
				TARGETED_DEVICE_FAMILY = "1,2";
				TEST_TARGET_NAME = AliumUIKitExample;
			};
			name = Debug;
		};
		EF6324722EE6A31800130691 /* Release */ = {
			isa = XCBuildConfiguration;
			buildSettings = {
				CODE_SIGN_STYLE = Automatic;
				CURRENT_PROJECT_VERSION = 1;
				DEVELOPMENT_TEAM = 8A2SSQZ8R4;
				GENERATE_INFOPLIST_FILE = YES;
				MARKETING_VERSION = 1.0;
				PRODUCT_BUNDLE_IDENTIFIER = com.dwao.AliumUIKitExampleUITests;
				PRODUCT_NAME = "$(TARGET_NAME)";
				SWIFT_EMIT_LOC_STRINGS = NO;
				SWIFT_VERSION = 5.0;
				TARGETED_DEVICE_FAMILY = "1,2";
				TEST_TARGET_NAME = AliumUIKitExample;
			};
			name = Release;
		};
/* End XCBuildConfiguration section */

/* Begin XCConfigurationList section */
		EF63243A2EE6A31200130691 /* Build configuration list for PBXProject "AliumUIKitExample" */ = {
			isa = XCConfigurationList;
			buildConfigurations = (
				EF63246B2EE6A31800130691 /* Debug */,
				EF63246C2EE6A31800130691 /* Release */,
			);
			defaultConfigurationIsVisible = 0;
			defaultConfigurationName = Release;
		};
		EF6324682EE6A31800130691 /* Build configuration list for PBXNativeTarget "AliumUIKitExample" */ = {
			isa = XCConfigurationList;
			buildConfigurations = (
				EF6324692EE6A31800130691 /* Debug */,
				EF63246A2EE6A31800130691 /* Release */,
			);
			defaultConfigurationIsVisible = 0;
			defaultConfigurationName = Release;
		};
		EF63246D2EE6A31800130691 /* Build configuration list for PBXNativeTarget "AliumUIKitExampleTests" */ = {
			isa = XCConfigurationList;
			buildConfigurations = (
				EF63246E2EE6A31800130691 /* Debug */,
				EF63246F2EE6A31800130691 /* Release */,
			);
			defaultConfigurationIsVisible = 0;
			defaultConfigurationName = Release;
		};
		EF6324702EE6A31800130691 /* Build configuration list for PBXNativeTarget "AliumUIKitExampleUITests" */ = {
			isa = XCConfigurationList;
			buildConfigurations = (
				EF6324712EE6A31800130691 /* Debug */,
				EF6324722EE6A31800130691 /* Release */,
			);
			defaultConfigurationIsVisible = 0;
			defaultConfigurationName = Release;
		};
/* End XCConfigurationList section */

/* Begin XCLocalSwiftPackageReference section */
		EF5BEAB42F0FDF7A004F1AB7 /* XCLocalSwiftPackageReference "../../alium-sdk-ios" */ = {
			isa = XCLocalSwiftPackageReference;
			relativePath = "../../alium-sdk-ios";
		};
/* End XCLocalSwiftPackageReference section */

/* Begin XCSwiftPackageProductDependency section */
		EF5BE9EC2F0FD4F6004F1AB7 /* alium_sdk */ = {
			isa = XCSwiftPackageProductDependency;
			productName = alium_sdk;
		};
		EF5BE9EE2F0FD610004F1AB7 /* alium_sdk */ = {
			isa = XCSwiftPackageProductDependency;
			productName = alium_sdk;
		};
		EF5BE9F12F0FD62B004F1AB7 /* alium_sdk */ = {
			isa = XCSwiftPackageProductDependency;
			productName = alium_sdk;
		};
		EF5BE9F42F0FD695004F1AB7 /* alium_sdk */ = {
			isa = XCSwiftPackageProductDependency;
			productName = alium_sdk;
		};
		EF5BE9F72F0FD6BD004F1AB7 /* alium_sdk */ = {
			isa = XCSwiftPackageProductDependency;
			productName = alium_sdk;
		};
		EF5BE9FA2F0FD7D1004F1AB7 /* alium_sdk */ = {
			isa = XCSwiftPackageProductDependency;
			productName = alium_sdk;
		};
		EF5BEA452F0FDB08004F1AB7 /* alium_sdk */ = {
			isa = XCSwiftPackageProductDependency;
			productName = alium_sdk;
		};
		EF5BEA482F0FDB74004F1AB7 /* alium_sdk */ = {
			isa = XCSwiftPackageProductDependency;
			productName = alium_sdk;
		};
		EF5BEA632F0FDC38004F1AB7 /* alium_sdk */ = {
			isa = XCSwiftPackageProductDependency;
			productName = alium_sdk;
		};
		EF5BEA7E2F0FDD20004F1AB7 /* alium_sdk */ = {
			isa = XCSwiftPackageProductDependency;
			productName = alium_sdk;
		};
		EF5BEA9A2F0FDF1B004F1AB7 /* alium_sdk */ = {
			isa = XCSwiftPackageProductDependency;
			productName = alium_sdk;
		};
		EF5BEAB52F0FDF7A004F1AB7 /* alium_sdk */ = {
			isa = XCSwiftPackageProductDependency;
			productName = alium_sdk;
		};
/* End XCSwiftPackageProductDependency section */
	};
	rootObject = EF6324372EE6A31200130691 /* Project object */;
}
